
Microsoft Visual Studio Solution File, Format Version 12.00
# Visual Studio 15
Project("{FAE04EC0-301F-11D3-BF4B-00C04F79EFBC}") = "Assembly-CSharp", "Assembly-CSharp.csproj", "{CA9530A6-C0B0-FDA3-4771-CF15B974C73A}"
EndProject
Global
	GlobalSection(SolutionConfigurationPlatforms) = preSolution
		Debug|Any CPU = Debug|Any CPU
		Release|Any CPU = Release|Any CPU
	EndGlobalSection
	GlobalSection(ProjectConfigurationPlatforms) = postSolution
		{CA9530A6-C0B0-FDA3-4771-CF15B974C73A}.Debug|Any CPU.ActiveCfg = Debug|Any CPU
		{CA9530A6-C0B0-FDA3-4771-CF15B974C73A}.Debug|Any CPU.Build.0 = Debug|Any CPU
		{CA9530A6-C0B0-FDA3-4771-CF15B974C73A}.Release|Any CPU.ActiveCfg = Release|Any CPU
		{CA9530A6-C0B0-FDA3-4771-CF15B974C73A}.Release|Any CPU.Build.0 = Release|Any CPU
	EndGlobalSection
	GlobalSection(SolutionProperties) = preSolution
		HideSolutionNode = FALSE
	EndGlobalSection
EndGlobal
